{
    "_meta": {
        "hash": {
            "sha256": "d25623386b78b26026ee528c4fdbb889d39a8ab443e3df126e0bac78854ac26c"
        },
        "pipfile-spec": 6,
        "requires": {
            "python_version": "3.8"
        },
        "sources": [
            {
                "name": "pypi",
                "url": "https://pypi.org/simple",
                "verify_ssl": true
            }
        ]
    },
    "default": {
        "base-model-guiosoft": {
            "hashes": [
                "sha256:49953d13de52c3516b73655c2e4359cc95ef1dc9895d6b66c8cb88937baf25f8",
                "sha256:edccb7ffda7b371df5bd8dbe854fdec49e7b1f637e4d4c0a2f10d3de57b5f6a7"
            ],
            "index": "pypi",
            "version": "==0.0.3"
        },
        "orjson": {
            "hashes": [
                "sha256:08ac106a4e67c7dd3010a948d336294a7549c62677bee9752011347c7688af37",
                "sha256:0e4c4b7151b88f6d7deda26ce04880fbdf15e31b0e1af226e25134b10d1ba0b3",
                "sha256:2599ac12c5992dfb44870e71bd96ce6b0df7f7248a9548664810e889685b967b",
                "sha256:3bf9cd593f48329d8356192b453c20850ecb135a92c70df42ccd652e0496c206",
                "sha256:567c380acca015cdaf520d39853fea43e23c75c9ad7c49890464d2d509cf1025",
                "sha256:5a742382013466d79a2b0c81413fdd308059d094f432c0797ce721e5e549708d",
                "sha256:63cbf9602d79e55aafdb28afd6d5456a503f6ced99daf03d80411f7885970bd1",
                "sha256:6d7c3edace4ac7314d3b98cee30191af38f1581fcad7b2c5be139b8bd3c45da8",
                "sha256:a2c6b0436f89a8393add5c8ea493176f4ff671257720e221eb52c6c51973c07b",
                "sha256:b7907822cc6cc4bfc3fe6dc8ed2ea98b4b36714812a9ac329b7dd740a7076e02",
                "sha256:ba9c05874d5eab35e5fe6e47cd4b9a1cf89eb9400efb11783f864e04747f298c",
                "sha256:bb3bd703069127b899090c0ca24bc8ce5e5137f17e7d1a8d2080e0e3361c4ee3",
                "sha256:bbe405d84c4ab14dafdb9fd08aa11b172803089094f9f8f2e9552a617d5bdcd2",
                "sha256:bdbf4ec86a6a8a907a085933ecc4dd15177f1dab20063590bb6f7f0517c391eb",
                "sha256:c7ddf86586810cffa37b24150f6f29c193d80322ad1d807be791cb2a1b8954e8",
                "sha256:d7069adfc5ddd1b264c06e86cea742445c5c2a9acaa2f72add98b3b5b2b6d1c9",
                "sha256:dd5c96427fea3a2ebbcf035494f6b291ec6eb9c29be75493cbbae5e7282fbbb4",
                "sha256:e2d5cc1186e5bc9910ad96d8f241105a998d6e02d1374a3cbe9997838f30385a",
                "sha256:e4c0ba0b532ef82b992813b01ef896b8ebc3ed8a07f7001f37374184ff98e552"
            ],
            "markers": "python_version >= '3.6'",
            "version": "==3.4.8"
        },
        "python-dateutil": {
            "hashes": [
                "sha256:73ebfe9dbf22e832286dafa60473e4cd239f8592f699aa5adaf10050e6e1823c",
                "sha256:75bb3f31ea686f1197762692a9ee6a7550b59fc6ca3a1f4b5d7e32fb98e2da2a"
            ],
            "markers": "python_version >= '2.7' and python_version not in '3.0, 3.1, 3.2'",
            "version": "==2.8.1"
        },
        "six": {
            "hashes": [
                "sha256:30639c035cdb23534cd4aa2dd52c3bf48f06e5f4a941509c8bafd8ce11080259",
                "sha256:8b74bedcbbbaca38ff6d7491d76f2b06b3592611af620f8426e82dddb04a5ced"
            ],
            "markers": "python_version >= '2.7' and python_version not in '3.0, 3.1, 3.2'",
            "version": "==1.15.0"
        }
    },
    "develop": {}
}
